{
  "object": {
    "pins": [
      {
        "package": "swift-argument-parser",
        "repositoryURL": "https://github.com/apple/swift-argument-parser",
        "state": {
          "branch": null,
          "revision": "92646c0cdbaca076c8d3d0207891785b3379cbff",
          "version": "0.3.1"
        }
      },
      {
        "package": "XCResultKit",
        "repositoryURL": "https://github.com/davidahouse/XCResultKit",
        "state": {
          "branch": null,
          "revision": "8010b380d18ce8986acf41a5595cc52305367f6a",
          "version": "0.7.1"
        }
      }
    ]
  },
  "version": 1
}
